#MicroXplorer Configuration settings - do not modify
ADC1.Channel-0\#ChannelRegularConversion=ADC_CHANNEL_3
ADC1.ContinuousConvMode=DISABLE
ADC1.DMAContinuousRequests=ENABLE
ADC1.ExternalTrigConv=ADC_EXTERNALTRIGCONV_T1_CC1
ADC1.IPParameters=Rank-0\#ChannelRegularConversion,Channel-0\#ChannelRegularConversion,SamplingTime-0\#ChannelRegularConversion,NbrOfConversionFlag,master,ContinuousConvMode,ScanConvMode,DMAContinuousRequests,ExternalTrigConv
ADC1.NbrOfConversionFlag=1
ADC1.Rank-0\#ChannelRegularConversion=1
ADC1.SamplingTime-0\#ChannelRegularConversion=ADC_SAMPLETIME_480CYCLES
ADC1.ScanConvMode=ADC_SCAN_DISABLE
ADC1.master=1
ADC2.Channel-1\#ChannelRegularConversion=ADC_CHANNEL_5
ADC2.DMAContinuousRequests=ENABLE
ADC2.ExternalTrigConv=ADC_EXTERNALTRIGCONV_T1_CC2
ADC2.IPParameters=Rank-1\#ChannelRegularConversion,Channel-1\#ChannelRegularConversion,SamplingTime-1\#ChannelRegularConversion,NbrOfConversionFlag,DMAContinuousRequests,ExternalTrigConv
ADC2.NbrOfConversionFlag=1
ADC2.Rank-1\#ChannelRegularConversion=1
ADC2.SamplingTime-1\#ChannelRegularConversion=ADC_SAMPLETIME_480CYCLES
ADC3.Channel-1\#ChannelRegularConversion=ADC_CHANNEL_13
ADC3.DMAContinuousRequests=ENABLE
ADC3.ExternalTrigConv=ADC_EXTERNALTRIGCONV_T1_CC3
ADC3.IPParameters=Rank-1\#ChannelRegularConversion,Channel-1\#ChannelRegularConversion,SamplingTime-1\#ChannelRegularConversion,NbrOfConversionFlag,DMAContinuousRequests,NbrOfConversion,ExternalTrigConv
ADC3.NbrOfConversion=1
ADC3.NbrOfConversionFlag=1
ADC3.Rank-1\#ChannelRegularConversion=1
ADC3.SamplingTime-1\#ChannelRegularConversion=ADC_SAMPLETIME_480CYCLES
Dma.ADC1.0.Direction=DMA_PERIPH_TO_MEMORY
Dma.ADC1.0.FIFOMode=DMA_FIFOMODE_DISABLE
Dma.ADC1.0.Instance=DMA2_Stream0
Dma.ADC1.0.MemDataAlignment=DMA_MDATAALIGN_HALFWORD
Dma.ADC1.0.MemInc=DMA_MINC_ENABLE
Dma.ADC1.0.Mode=DMA_CIRCULAR
Dma.ADC1.0.PeriphDataAlignment=DMA_PDATAALIGN_HALFWORD
Dma.ADC1.0.PeriphInc=DMA_PINC_DISABLE
Dma.ADC1.0.Priority=DMA_PRIORITY_LOW
Dma.ADC1.0.RequestParameters=Instance,Direction,PeriphInc,MemInc,PeriphDataAlignment,MemDataAlignment,Mode,Priority,FIFOMode
Dma.ADC2.1.Direction=DMA_PERIPH_TO_MEMORY
Dma.ADC2.1.FIFOMode=DMA_FIFOMODE_DISABLE
Dma.ADC2.1.Instance=DMA2_Stream2
Dma.ADC2.1.MemDataAlignment=DMA_MDATAALIGN_HALFWORD
Dma.ADC2.1.MemInc=DMA_MINC_ENABLE
Dma.ADC2.1.Mode=DMA_CIRCULAR
Dma.ADC2.1.PeriphDataAlignment=DMA_PDATAALIGN_HALFWORD
Dma.ADC2.1.PeriphInc=DMA_PINC_DISABLE
Dma.ADC2.1.Priority=DMA_PRIORITY_LOW
Dma.ADC2.1.RequestParameters=Instance,Direction,PeriphInc,MemInc,PeriphDataAlignment,MemDataAlignment,Mode,Priority,FIFOMode
Dma.ADC3.2.Direction=DMA_PERIPH_TO_MEMORY
Dma.ADC3.2.FIFOMode=DMA_FIFOMODE_DISABLE
Dma.ADC3.2.Instance=DMA2_Stream1
Dma.ADC3.2.MemDataAlignment=DMA_MDATAALIGN_HALFWORD
Dma.ADC3.2.MemInc=DMA_MINC_ENABLE
Dma.ADC3.2.Mode=DMA_CIRCULAR
Dma.ADC3.2.PeriphDataAlignment=DMA_PDATAALIGN_HALFWORD
Dma.ADC3.2.PeriphInc=DMA_PINC_DISABLE
Dma.ADC3.2.Priority=DMA_PRIORITY_LOW
Dma.ADC3.2.RequestParameters=Instance,Direction,PeriphInc,MemInc,PeriphDataAlignment,MemDataAlignment,Mode,Priority,FIFOMode
Dma.Request0=ADC1
Dma.Request1=ADC2
Dma.Request2=ADC3
Dma.RequestsNb=3
File.Version=6
KeepUserPlacement=false
Mcu.CPN=STM32F746ZGT6
Mcu.Family=STM32F7
Mcu.IP0=ADC1
Mcu.IP1=ADC2
Mcu.IP10=TIM3
Mcu.IP11=TIM6
Mcu.IP12=USART3
Mcu.IP13=USART6
Mcu.IP2=ADC3
Mcu.IP3=CORTEX_M7
Mcu.IP4=DMA
Mcu.IP5=NVIC
Mcu.IP6=RCC
Mcu.IP7=SYS
Mcu.IP8=TIM1
Mcu.IP9=TIM2
Mcu.IPNb=14
Mcu.Name=STM32F746ZGTx
Mcu.Package=LQFP144
Mcu.Pin0=PC13
Mcu.Pin1=PC14/OSC32_IN
Mcu.Pin10=PB0
Mcu.Pin11=PG0
Mcu.Pin12=PB10
Mcu.Pin13=PB11
Mcu.Pin14=PB14
Mcu.Pin15=PD8
Mcu.Pin16=PD9
Mcu.Pin17=PG6
Mcu.Pin18=PG7
Mcu.Pin19=PC8
Mcu.Pin2=PC15/OSC32_OUT
Mcu.Pin20=PC9
Mcu.Pin21=PA13
Mcu.Pin22=PA14
Mcu.Pin23=PD0
Mcu.Pin24=PG9
Mcu.Pin25=PG14
Mcu.Pin26=PB3
Mcu.Pin27=PB7
Mcu.Pin28=PE0
Mcu.Pin29=VP_SYS_VS_Systick
Mcu.Pin3=PF7
Mcu.Pin30=VP_TIM1_VS_ClockSourceINT
Mcu.Pin31=VP_TIM1_VS_ClockSourceITR
Mcu.Pin32=VP_TIM1_VS_no_output1
Mcu.Pin33=VP_TIM1_VS_no_output2
Mcu.Pin34=VP_TIM1_VS_no_output3
Mcu.Pin35=VP_TIM2_VS_ClockSourceINT
Mcu.Pin36=VP_TIM2_VS_no_output1
Mcu.Pin37=VP_TIM6_VS_ClockSourceINT
Mcu.Pin4=PF9
Mcu.Pin5=PH0/OSC_IN
Mcu.Pin6=PH1/OSC_OUT
Mcu.Pin7=PC3
Mcu.Pin8=PA3
Mcu.Pin9=PA5
Mcu.PinsNb=38
Mcu.ThirdPartyNb=0
Mcu.UserConstants=
Mcu.UserName=STM32F746ZGTx
MxCube.Version=6.5.0
MxDb.Version=DB.6.0.50
NVIC.ADC_IRQn=true\:0\:0\:false\:false\:true\:true\:true\:true
NVIC.BusFault_IRQn=true\:0\:0\:false\:false\:true\:true\:false\:true
NVIC.DMA2_Stream0_IRQn=true\:0\:0\:false\:false\:true\:false\:true\:true
NVIC.DMA2_Stream1_IRQn=true\:0\:0\:false\:false\:true\:false\:true\:true
NVIC.DMA2_Stream2_IRQn=true\:0\:0\:false\:false\:true\:false\:true\:true
NVIC.DebugMonitor_IRQn=true\:0\:0\:false\:false\:true\:true\:false\:true
NVIC.ForceEnableDMAVector=true
NVIC.HardFault_IRQn=true\:0\:0\:false\:false\:true\:true\:false\:true
NVIC.MemoryManagement_IRQn=true\:0\:0\:false\:false\:true\:true\:false\:true
NVIC.NonMaskableInt_IRQn=true\:0\:0\:false\:false\:true\:true\:false\:true
NVIC.PendSV_IRQn=true\:0\:0\:false\:false\:true\:true\:false\:true
NVIC.PriorityGroup=NVIC_PRIORITYGROUP_4
NVIC.SVCall_IRQn=true\:0\:0\:false\:false\:true\:true\:false\:true
NVIC.SysTick_IRQn=true\:0\:0\:false\:false\:true\:true\:true\:true
NVIC.TIM1_BRK_TIM9_IRQn=true\:0\:0\:false\:false\:true\:true\:true\:true
NVIC.TIM1_CC_IRQn=true\:0\:0\:false\:false\:true\:true\:true\:true
NVIC.TIM1_TRG_COM_TIM11_IRQn=true\:0\:0\:false\:false\:true\:true\:true\:true
NVIC.TIM1_UP_TIM10_IRQn=true\:0\:0\:false\:false\:true\:true\:true\:true
NVIC.TIM2_IRQn=true\:0\:0\:false\:false\:true\:true\:true\:true
NVIC.TIM3_IRQn=true\:0\:0\:false\:false\:true\:true\:true\:true
NVIC.TIM6_DAC_IRQn=true\:0\:0\:false\:false\:true\:true\:true\:true
NVIC.USART3_IRQn=true\:0\:0\:false\:false\:true\:true\:true\:true
NVIC.USART6_IRQn=true\:0\:0\:false\:false\:true\:true\:true\:true
NVIC.UsageFault_IRQn=true\:0\:0\:false\:false\:true\:true\:false\:true
PA13.GPIOParameters=GPIO_Label
PA13.GPIO_Label=TMS
PA13.Locked=true
PA13.Mode=Serial_Wire
PA13.Signal=SYS_JTMS-SWDIO
PA14.GPIOParameters=GPIO_Label
PA14.GPIO_Label=TCK
PA14.Locked=true
PA14.Mode=Serial_Wire
PA14.Signal=SYS_JTCK-SWCLK
PA3.GPIOParameters=GPIO_Label
PA3.GPIO_Label=TORQUE_ADC
PA3.Locked=true
PA3.Signal=ADCx_IN3
PA5.GPIOParameters=GPIO_Label
PA5.GPIO_Label=CURRENT_ADC
PA5.Locked=true
PA5.Signal=ADCx_IN5
PB0.GPIOParameters=GPIO_Label
PB0.GPIO_Label=LD1 [Green]
PB0.Locked=true
PB0.Signal=GPIO_Output
PB10.GPIOParameters=GPIO_Label
PB10.GPIO_Label=DEBUG_PIN_5
PB10.Locked=true
PB10.Signal=GPIO_Output
PB11.GPIOParameters=GPIO_Label
PB11.GPIO_Label=DEBUG_PIN_4
PB11.Locked=true
PB11.Signal=GPIO_Output
PB14.GPIOParameters=GPIO_Label
PB14.GPIO_Label=LD3 [Red]
PB14.Locked=true
PB14.Signal=GPIO_Output
PB3.GPIOParameters=GPIO_Label
PB3.GPIO_Label=SW0
PB3.Locked=true
PB3.Signal=SYS_JTDO-SWO
PB7.GPIOParameters=GPIO_Label
PB7.GPIO_Label=LD2 [Blue]
PB7.Locked=true
PB7.Signal=GPIO_Output
PC13.GPIOParameters=GPIO_Label
PC13.GPIO_Label=USER_Btn [B1]
PC13.Locked=true
PC13.Signal=GPXTI13
PC14/OSC32_IN.Locked=true
PC14/OSC32_IN.Mode=LSE-External-Oscillator
PC14/OSC32_IN.Signal=RCC_OSC32_IN
PC15/OSC32_OUT.Locked=true
PC15/OSC32_OUT.Mode=LSE-External-Oscillator
PC15/OSC32_OUT.Signal=RCC_OSC32_OUT
PC3.GPIOParameters=GPIO_Label
PC3.GPIO_Label=STEPPER_VOLTAGE_ADC
PC3.Locked=true
PC3.Signal=ADCx_IN13
PC8.GPIOParameters=GPIO_Label
PC8.GPIO_Label=PWM_BRAKE
PC8.Locked=true
PC8.Signal=S_TIM3_CH3
PC9.GPIOParameters=GPIO_Label
PC9.GPIO_Label=ENABLE_STEPPER_SUPPLY
PC9.Locked=true
PC9.Signal=GPIO_Output
PD0.GPIOParameters=GPIO_Label
PD0.GPIO_Label=DEBUG_SIGNAL_1
PD0.Locked=true
PD0.Signal=GPIO_Output
PD8.GPIOParameters=GPIO_Label
PD8.GPIO_Label=STLK_RX [STM32F103CBT6_PA3]
PD8.Locked=true
PD8.Mode=Asynchronous
PD8.Signal=USART3_TX
PD9.GPIOParameters=GPIO_Label
PD9.GPIO_Label=STLK_TX [STM32F103CBT6_PA2]
PD9.Locked=true
PD9.Mode=Asynchronous
PD9.Signal=USART3_RX
PE0.GPIOParameters=GPIO_Label
PE0.GPIO_Label=DEBUG_PIN_3
PE0.Locked=true
PE0.Signal=GPIO_Output
PF7.GPIOParameters=GPIO_Label
PF7.GPIO_Label=LED1
PF7.Locked=true
PF7.Signal=GPIO_Output
PF9.GPIOParameters=GPIO_Label
PF9.GPIO_Label=LED2
PF9.Locked=true
PF9.Signal=GPIO_Output
PG0.GPIOParameters=GPIO_Label
PG0.GPIO_Label=DEBUG_SIGNAL_2
PG0.Locked=true
PG0.Signal=GPIO_Output
PG14.Locked=true
PG14.Mode=Asynchronous
PG14.Signal=USART6_TX
PG6.GPIOParameters=GPIO_Label
PG6.GPIO_Label=USB_PowerSwitchOn [STMPS2151STR_EN]
PG6.Locked=true
PG6.Signal=GPIO_Output
PG7.GPIOParameters=GPIO_Label
PG7.GPIO_Label=USB_OverCurrent [STMPS2151STR_FAULT]
PG7.Locked=true
PG7.Signal=GPIO_Input
PG9.Locked=true
PG9.Mode=Asynchronous
PG9.Signal=USART6_RX
PH0/OSC_IN.GPIOParameters=GPIO_Label
PH0/OSC_IN.GPIO_Label=MCO [STM32F103CBT6_PA8]
PH0/OSC_IN.Locked=true
PH0/OSC_IN.Mode=HSE-External-Clock-Source
PH0/OSC_IN.Signal=RCC_OSC_IN
PH1/OSC_OUT.Locked=true
PH1/OSC_OUT.Mode=HSE-External-Clock-Source
PH1/OSC_OUT.Signal=RCC_OSC_OUT
PinOutPanel.RotationAngle=0
ProjectManager.AskForMigrate=true
ProjectManager.BackupPrevious=true
ProjectManager.CompilerOptimize=6
ProjectManager.ComputerToolchain=false
ProjectManager.CoupleFile=true
ProjectManager.CustomerFirmwarePackage=
ProjectManager.DefaultFWLocation=true
ProjectManager.DeletePrevious=true
ProjectManager.DeviceId=STM32F746ZGTx
ProjectManager.FirmwarePackage=STM32Cube FW_F7 V1.16.2
ProjectManager.FreePins=true
ProjectManager.HalAssertFull=false
ProjectManager.HeapSize=0x200
ProjectManager.KeepUserCode=true
ProjectManager.LastFirmware=true
ProjectManager.LibraryCopy=0
ProjectManager.MainLocation=Core/Src
ProjectManager.NoMain=false
ProjectManager.PreviousToolchain=
ProjectManager.ProjectBuild=false
ProjectManager.ProjectFileName=STB-master.ioc
ProjectManager.ProjectName=STB-master
ProjectManager.RegisterCallBack=
ProjectManager.StackSize=0x400
ProjectManager.TargetToolchain=Makefile
ProjectManager.ToolChainLocation=
ProjectManager.UnderRoot=false
ProjectManager.functionlistsort=1-SystemClock_Config-RCC-false-HAL-false,2-MX_GPIO_Init-GPIO-false-HAL-true,3-MX_DMA_Init-DMA-false-HAL-true,4-MX_ADC1_Init-ADC1-false-HAL-true,5-MX_ADC2_Init-ADC2-false-HAL-true,6-MX_ADC3_Init-ADC3-false-HAL-true,7-MX_TIM1_Init-TIM1-false-HAL-true,8-MX_TIM3_Init-TIM3-false-HAL-true,9-MX_USART3_UART_Init-USART3-false-HAL-true,10-MX_USART6_UART_Init-USART6-false-HAL-true,11-MX_TIM2_Init-TIM2-false-HAL-true,12-MX_TIM6_Init-TIM6-false-HAL-true,0-MX_CORTEX_M7_Init-CORTEX_M7-false-HAL-true
RCC.48MHZClocksFreq_Value=24000000
RCC.ADC12outputFreq_Value=72000000
RCC.ADC34outputFreq_Value=72000000
RCC.AHBFreq_Value=216000000
RCC.APB1CLKDivider=RCC_HCLK_DIV4
RCC.APB1Freq_Value=54000000
RCC.APB1TimFreq_Value=108000000
RCC.APB2CLKDivider=RCC_HCLK_DIV2
RCC.APB2Freq_Value=108000000
RCC.APB2TimFreq_Value=216000000
RCC.CECFreq_Value=32786.88524590164
RCC.CortexFreq_Value=216000000
RCC.EthernetFreq_Value=216000000
RCC.FCLKCortexFreq_Value=216000000
RCC.FamilyName=M
RCC.HCLKFreq_Value=216000000
RCC.HSE_VALUE=8000000
RCC.HSI_VALUE=16000000
RCC.I2C1Freq_Value=54000000
RCC.I2C2Freq_Value=54000000
RCC.I2C3Freq_Value=54000000
RCC.I2C4Freq_Value=54000000
RCC.I2SClocksFreq_Value=48000000
RCC.I2SFreq_Value=192000000
RCC.IPParameters=48MHZClocksFreq_Value,ADC12outputFreq_Value,ADC34outputFreq_Value,AHBFreq_Value,APB1CLKDivider,APB1Freq_Value,APB1TimFreq_Value,APB2CLKDivider,APB2Freq_Value,APB2TimFreq_Value,CECFreq_Value,CortexFreq_Value,EthernetFreq_Value,FCLKCortexFreq_Value,FamilyName,HCLKFreq_Value,HSE_VALUE,HSI_VALUE,I2C1Freq_Value,I2C2Freq_Value,I2C3Freq_Value,I2C4Freq_Value,I2SClocksFreq_Value,I2SFreq_Value,LCDTFToutputFreq_Value,LPTIM1Freq_Value,LSI_VALUE,MCO1PinFreq_Value,MCO2PinFreq_Value,MCOFreq_Value,PLLCLKFreq_Value,PLLI2SPCLKFreq_Value,PLLI2SQCLKFreq_Value,PLLI2SRCLKFreq_Value,PLLI2SRoutputFreq_Value,PLLM,PLLMCOFreq_Value,PLLMUL,PLLN,PLLQ,PLLQCLKFreq_Value,PLLQoutputFreq_Value,PLLSAIPCLKFreq_Value,PLLSAIQCLKFreq_Value,PLLSAIRCLKFreq_Value,PLLSAIoutputFreq_Value,PLLSourceVirtual,PRESCALERUSB,RNGFreq_Value,RTCFreq_Value,RTCHSEDivFreq_Value,SAI1Freq_Value,SAI2Freq_Value,SDMMCFreq_Value,SPDIFRXFreq_Value,SYSCLKFreq_VALUE,SYSCLKSource,SYSCLKSourceVirtual,TIM15Freq_Value,TIM16Freq_Value,TIM17Freq_Value,TIM1Freq_Value,TIM20Freq_Value,TIM2Freq_Value,TIM3Freq_Value,TIM8Freq_Value,UART4Freq_Value,UART5Freq_Value,UART7Freq_Value,UART8Freq_Value,USART1Freq_Value,USART2Freq_Value,USART3Freq_Value,USART6Freq_Value,USBFreq_Value,VCOI2SOutputFreq_Value,VCOInputFreq_Value,VCOOutput2Freq_Value,VCOOutputFreq_Value,VCOSAIOutputFreq_Value,VcooutputI2S,WatchDogFreq_Value
RCC.LCDTFToutputFreq_Value=96000000
RCC.LPTIM1Freq_Value=54000000
RCC.LSI_VALUE=32000
RCC.MCO1PinFreq_Value=16000000
RCC.MCO2PinFreq_Value=216000000
RCC.MCOFreq_Value=72000000
RCC.PLLCLKFreq_Value=216000000
RCC.PLLI2SPCLKFreq_Value=192000000
RCC.PLLI2SQCLKFreq_Value=192000000
RCC.PLLI2SRCLKFreq_Value=192000000
RCC.PLLI2SRoutputFreq_Value=192000000
RCC.PLLM=4
RCC.PLLMCOFreq_Value=72000000
RCC.PLLMUL=RCC_PLL_MUL9
RCC.PLLN=216
RCC.PLLQ=9
RCC.PLLQCLKFreq_Value=48000000
RCC.PLLQoutputFreq_Value=48000000
RCC.PLLSAIPCLKFreq_Value=192000000
RCC.PLLSAIQCLKFreq_Value=192000000
RCC.PLLSAIRCLKFreq_Value=192000000
RCC.PLLSAIoutputFreq_Value=192000000
RCC.PLLSourceVirtual=RCC_PLLSOURCE_HSE
RCC.PRESCALERUSB=RCC_USBCLKSOURCE_PLL_DIV1_5
RCC.RNGFreq_Value=48000000
RCC.RTCFreq_Value=32000
RCC.RTCHSEDivFreq_Value=4000000
RCC.SAI1Freq_Value=192000000
RCC.SAI2Freq_Value=192000000
RCC.SDMMCFreq_Value=216000000
RCC.SPDIFRXFreq_Value=192000000
RCC.SYSCLKFreq_VALUE=216000000
RCC.SYSCLKSource=RCC_SYSCLKSOURCE_PLLCLK
RCC.SYSCLKSourceVirtual=RCC_SYSCLKSOURCE_PLLCLK
RCC.TIM15Freq_Value=72000000
RCC.TIM16Freq_Value=72000000
RCC.TIM17Freq_Value=72000000
RCC.TIM1Freq_Value=72000000
RCC.TIM20Freq_Value=72000000
RCC.TIM2Freq_Value=72000000
RCC.TIM3Freq_Value=72000000
RCC.TIM8Freq_Value=72000000
RCC.UART4Freq_Value=54000000
RCC.UART5Freq_Value=54000000
RCC.UART7Freq_Value=54000000
RCC.UART8Freq_Value=54000000
RCC.USART1Freq_Value=108000000
RCC.USART2Freq_Value=54000000
RCC.USART3Freq_Value=54000000
RCC.USART6Freq_Value=108000000
RCC.USBFreq_Value=48000000
RCC.VCOI2SOutputFreq_Value=384000000
RCC.VCOInputFreq_Value=2000000
RCC.VCOOutput2Freq_Value=8000000
RCC.VCOOutputFreq_Value=432000000
RCC.VCOSAIOutputFreq_Value=384000000
RCC.VcooutputI2S=48000000
RCC.WatchDogFreq_Value=32000
SH.ADCx_IN13.0=ADC3_IN13,IN13
SH.ADCx_IN13.ConfNb=1
SH.ADCx_IN3.0=ADC1_IN3,IN3
SH.ADCx_IN3.ConfNb=1
SH.ADCx_IN5.0=ADC2_IN5,IN5
SH.ADCx_IN5.ConfNb=1
SH.GPXTI13.0=GPIO_EXTI13
SH.GPXTI13.ConfNb=1
SH.S_TIM3_CH3.0=TIM3_CH3,PWM Generation3 CH3
SH.S_TIM3_CH3.ConfNb=1
TIM1.Channel-PWM\ Generation1\ No\ Output=TIM_CHANNEL_1
TIM1.Channel-PWM\ Generation2\ No\ Output=TIM_CHANNEL_2
TIM1.Channel-PWM\ Generation3\ No\ Output=TIM_CHANNEL_3
TIM1.IPParameters=Channel-PWM Generation1 No Output,Prescaler,Period,Pulse-PWM Generation1 No Output,Channel-PWM Generation2 No Output,Channel-PWM Generation3 No Output,Pulse-PWM Generation2 No Output,Pulse-PWM Generation3 No Output,TIM_MasterSlaveMode,TIM_MasterOutputTrigger
TIM1.Period=100 -1 
TIM1.Prescaler=10800 - 1
TIM1.Pulse-PWM\ Generation1\ No\ Output=100 - 1
TIM1.Pulse-PWM\ Generation2\ No\ Output=100 - 1
TIM1.Pulse-PWM\ Generation3\ No\ Output=100 - 1
TIM1.TIM_MasterOutputTrigger=TIM_TRGO_UPDATE
TIM1.TIM_MasterSlaveMode=TIM_MASTERSLAVEMODE_ENABLE
TIM2.Channel-Output\ Compare1\ No\ Output=TIM_CHANNEL_1
TIM2.IPParameters=Channel-Output Compare1 No Output,Prescaler
TIM2.Prescaler=5400 - 1
TIM3.Channel-PWM\ Generation3\ CH3=TIM_CHANNEL_3
TIM3.IPParameters=Channel-PWM Generation3 CH3,Prescaler,Period,Pulse-PWM Generation3 CH3
TIM3.Period=50 
TIM3.Prescaler=108 - 1
TIM3.Pulse-PWM\ Generation3\ CH3=50
TIM6.IPParameters=Prescaler
TIM6.Prescaler=53600 - 1
USART3.IPParameters=VirtualMode-Asynchronous
USART3.VirtualMode-Asynchronous=VM_ASYNC
USART6.IPParameters=VirtualMode-Asynchronous
USART6.VirtualMode-Asynchronous=VM_ASYNC
VP_SYS_VS_Systick.Mode=SysTick
VP_SYS_VS_Systick.Signal=SYS_VS_Systick
VP_TIM1_VS_ClockSourceINT.Mode=Internal
VP_TIM1_VS_ClockSourceINT.Signal=TIM1_VS_ClockSourceINT
VP_TIM1_VS_ClockSourceITR.Mode=TriggerSource_ITR0
VP_TIM1_VS_ClockSourceITR.Signal=TIM1_VS_ClockSourceITR
VP_TIM1_VS_no_output1.Mode=PWM Generation1 No Output
VP_TIM1_VS_no_output1.Signal=TIM1_VS_no_output1
VP_TIM1_VS_no_output2.Mode=PWM Generation2 No Output
VP_TIM1_VS_no_output2.Signal=TIM1_VS_no_output2
VP_TIM1_VS_no_output3.Mode=PWM Generation3 No Output
VP_TIM1_VS_no_output3.Signal=TIM1_VS_no_output3
VP_TIM2_VS_ClockSourceINT.Mode=Internal
VP_TIM2_VS_ClockSourceINT.Signal=TIM2_VS_ClockSourceINT
VP_TIM2_VS_no_output1.Mode=Output Compare1 No Output
VP_TIM2_VS_no_output1.Signal=TIM2_VS_no_output1
VP_TIM6_VS_ClockSourceINT.Mode=Enable_Timer
VP_TIM6_VS_ClockSourceINT.Signal=TIM6_VS_ClockSourceINT
board=NUCLEO-F746ZG
boardIOC=true
